
Microsoft Visual Studio Solution File, Format Version 12.00
# Visual Studio 15
VisualStudioVersion = 15.0.27004.2005
MinimumVisualStudioVersion = 10.0.40219.1
Project("{D954291E-2A0B-460D-934E-DC6B0785DB48}") = "GithubXamarinTest", "GithubXamarinTest\GithubXamarinTest\GithubXamarinTest.shproj", "{23B1C90C-615E-447B-B28D-1867AE94957A}"
EndProject
Project("{FAE04EC0-301F-11D3-BF4B-00C04F79EFBC}") = "GithubXamarinTest.Android", "GithubXamarinTest\GithubXamarinTest.Android\GithubXamarinTest.Android.csproj", "{F64F51B9-3F6B-498D-93BD-D16DDD3E0F58}"
EndProject
Project("{FAE04EC0-301F-11D3-BF4B-00C04F79EFBC}") = "GithubXamarinTest.iOS", "GithubXamarinTest\GithubXamarinTest.iOS\GithubXamarinTest.iOS.csproj", "{89CA9806-D146-4DCD-BD4C-629A2FE5EC94}"
EndProject
Project("{FAE04EC0-301F-11D3-BF4B-00C04F79EFBC}") = "GithubXamarinTest.UWP", "GithubXamarinTest\GithubXamarinTest.UWP\GithubXamarinTest.UWP.csproj", "{FAC879FB-DBAC-4E07-84E0-63F5A31A0D04}"
EndProject
Global
	GlobalSection(SharedMSBuildProjectFiles) = preSolution
		GithubXamarinTest\GithubXamarinTest\GithubXamarinTest.projitems*{23b1c90c-615e-447b-b28d-1867ae94957a}*SharedItemsImports = 13
		GithubXamarinTest\GithubXamarinTest\GithubXamarinTest.projitems*{89ca9806-d146-4dcd-bd4c-629a2fe5ec94}*SharedItemsImports = 4
		GithubXamarinTest\GithubXamarinTest\GithubXamarinTest.projitems*{f64f51b9-3f6b-498d-93bd-d16ddd3e0f58}*SharedItemsImports = 4
	EndGlobalSection
	GlobalSection(SolutionConfigurationPlatforms) = preSolution
		Ad-Hoc|Any CPU = Ad-Hoc|Any CPU
		Ad-Hoc|ARM = Ad-Hoc|ARM
		Ad-Hoc|iPhone = Ad-Hoc|iPhone
		Ad-Hoc|iPhoneSimulator = Ad-Hoc|iPhoneSimulator
		Ad-Hoc|x64 = Ad-Hoc|x64
		Ad-Hoc|x86 = Ad-Hoc|x86
		AppStore|Any CPU = AppStore|Any CPU
		AppStore|ARM = AppStore|ARM
		AppStore|iPhone = AppStore|iPhone
		AppStore|iPhoneSimulator = AppStore|iPhoneSimulator
		AppStore|x64 = AppStore|x64
		AppStore|x86 = AppStore|x86
		Debug|Any CPU = Debug|Any CPU
		Debug|ARM = Debug|ARM
		Debug|iPhone = Debug|iPhone
		Debug|iPhoneSimulator = Debug|iPhoneSimulator
		Debug|x64 = Debug|x64
		Debug|x86 = Debug|x86
		Release|Any CPU = Release|Any CPU
		Release|ARM = Release|ARM
		Release|iPhone = Release|iPhone
		Release|iPhoneSimulator = Release|iPhoneSimulator
		Release|x64 = Release|x64
		Release|x86 = Release|x86
	EndGlobalSection
	GlobalSection(ProjectConfigurationPlatforms) = postSolution
		{F64F51B9-3F6B-498D-93BD-D16DDD3E0F58}.Ad-Hoc|Any CPU.ActiveCfg = Release|Any CPU
		{F64F51B9-3F6B-498D-93BD-D16DDD3E0F58}.Ad-Hoc|Any CPU.Build.0 = Release|Any CPU
		{F64F51B9-3F6B-498D-93BD-D16DDD3E0F58}.Ad-Hoc|Any CPU.Deploy.0 = Release|Any CPU
		{F64F51B9-3F6B-498D-93BD-D16DDD3E0F58}.Ad-Hoc|ARM.ActiveCfg = Release|Any CPU
		{F64F51B9-3F6B-498D-93BD-D16DDD3E0F58}.Ad-Hoc|ARM.Build.0 = Release|Any CPU
		{F64F51B9-3F6B-498D-93BD-D16DDD3E0F58}.Ad-Hoc|ARM.Deploy.0 = Release|Any CPU
		{F64F51B9-3F6B-498D-93BD-D16DDD3E0F58}.Ad-Hoc|iPhone.ActiveCfg = Release|Any CPU
		{F64F51B9-3F6B-498D-93BD-D16DDD3E0F58}.Ad-Hoc|iPhone.Build.0 = Release|Any CPU
		{F64F51B9-3F6B-498D-93BD-D16DDD3E0F58}.Ad-Hoc|iPhone.Deploy.0 = Release|Any CPU
		{F64F51B9-3F6B-498D-93BD-D16DDD3E0F58}.Ad-Hoc|iPhoneSimulator.ActiveCfg = Release|Any CPU
		{F64F51B9-3F6B-498D-93BD-D16DDD3E0F58}.Ad-Hoc|iPhoneSimulator.Build.0 = Release|Any CPU
		{F64F51B9-3F6B-498D-93BD-D16DDD3E0F58}.Ad-Hoc|iPhoneSimulator.Deploy.0 = Release|Any CPU
		{F64F51B9-3F6B-498D-93BD-D16DDD3E0F58}.Ad-Hoc|x64.ActiveCfg = Release|Any CPU
		{F64F51B9-3F6B-498D-93BD-D16DDD3E0F58}.Ad-Hoc|x64.Build.0 = Release|Any CPU
		{F64F51B9-3F6B-498D-93BD-D16DDD3E0F58}.Ad-Hoc|x64.Deploy.0 = Release|Any CPU
		{F64F51B9-3F6B-498D-93BD-D16DDD3E0F58}.Ad-Hoc|x86.ActiveCfg = Release|Any CPU
		{F64F51B9-3F6B-498D-93BD-D16DDD3E0F58}.Ad-Hoc|x86.Build.0 = Release|Any CPU
		{F64F51B9-3F6B-498D-93BD-D16DDD3E0F58}.Ad-Hoc|x86.Deploy.0 = Release|Any CPU
		{F64F51B9-3F6B-498D-93BD-D16DDD3E0F58}.AppStore|Any CPU.ActiveCfg = Release|Any CPU
		{F64F51B9-3F6B-498D-93BD-D16DDD3E0F58}.AppStore|Any CPU.Build.0 = Release|Any CPU
		{F64F51B9-3F6B-498D-93BD-D16DDD3E0F58}.AppStore|Any CPU.Deploy.0 = Release|Any CPU
		{F64F51B9-3F6B-498D-93BD-D16DDD3E0F58}.AppStore|ARM.ActiveCfg = Release|Any CPU
		{F64F51B9-3F6B-498D-93BD-D16DDD3E0F58}.AppStore|ARM.Build.0 = Release|Any CPU
		{F64F51B9-3F6B-498D-93BD-D16DDD3E0F58}.AppStore|ARM.Deploy.0 = Release|Any CPU
		{F64F51B9-3F6B-498D-93BD-D16DDD3E0F58}.AppStore|iPhone.ActiveCfg = Release|Any CPU
		{F64F51B9-3F6B-498D-93BD-D16DDD3E0F58}.AppStore|iPhone.Build.0 = Release|Any CPU
		{F64F51B9-3F6B-498D-93BD-D16DDD3E0F58}.AppStore|iPhone.Deploy.0 = Release|Any CPU
		{F64F51B9-3F6B-498D-93BD-D16DDD3E0F58}.AppStore|iPhoneSimulator.ActiveCfg = Release|Any CPU
		{F64F51B9-3F6B-498D-93BD-D16DDD3E0F58}.AppStore|iPhoneSimulator.Build.0 = Release|Any CPU
		{F64F51B9-3F6B-498D-93BD-D16DDD3E0F58}.AppStore|iPhoneSimulator.Deploy.0 = Release|Any CPU
		{F64F51B9-3F6B-498D-93BD-D16DDD3E0F58}.AppStore|x64.ActiveCfg = Release|Any CPU
		{F64F51B9-3F6B-498D-93BD-D16DDD3E0F58}.AppStore|x64.Build.0 = Release|Any CPU
		{F64F51B9-3F6B-498D-93BD-D16DDD3E0F58}.AppStore|x64.Deploy.0 = Release|Any CPU
		{F64F51B9-3F6B-498D-93BD-D16DDD3E0F58}.AppStore|x86.ActiveCfg = Release|Any CPU
		{F64F51B9-3F6B-498D-93BD-D16DDD3E0F58}.AppStore|x86.Build.0 = Release|Any CPU
		{F64F51B9-3F6B-498D-93BD-D16DDD3E0F58}.AppStore|x86.Deploy.0 = Release|Any CPU
		{F64F51B9-3F6B-498D-93BD-D16DDD3E0F58}.Debug|Any CPU.ActiveCfg = Debug|Any CPU
		{F64F51B9-3F6B-498D-93BD-D16DDD3E0F58}.Debug|Any CPU.Build.0 = Debug|Any CPU
		{F64F51B9-3F6B-498D-93BD-D16DDD3E0F58}.Debug|Any CPU.Deploy.0 = Debug|Any CPU
		{F64F51B9-3F6B-498D-93BD-D16DDD3E0F58}.Debug|ARM.ActiveCfg = Debug|Any CPU
		{F64F51B9-3F6B-498D-93BD-D16DDD3E0F58}.Debug|ARM.Build.0 = Debug|Any CPU
		{F64F51B9-3F6B-498D-93BD-D16DDD3E0F58}.Debug|ARM.Deploy.0 = Debug|Any CPU
		{F64F51B9-3F6B-498D-93BD-D16DDD3E0F58}.Debug|iPhone.ActiveCfg = Debug|Any CPU
		{F64F51B9-3F6B-498D-93BD-D16DDD3E0F58}.Debug|iPhone.Build.0 = Debug|Any CPU
		{F64F51B9-3F6B-498D-93BD-D16DDD3E0F58}.Debug|iPhone.Deploy.0 = Debug|Any CPU
		{F64F51B9-3F6B-498D-93BD-D16DDD3E0F58}.Debug|iPhoneSimulator.ActiveCfg = Debug|Any CPU
		{F64F51B9-3F6B-498D-93BD-D16DDD3E0F58}.Debug|iPhoneSimulator.Build.0 = Debug|Any CPU
		{F64F51B9-3F6B-498D-93BD-D16DDD3E0F58}.Debug|iPhoneSimulator.Deploy.0 = Debug|Any CPU
		{F64F51B9-3F6B-498D-93BD-D16DDD3E0F58}.Debug|x64.ActiveCfg = Debug|Any CPU
		{F64F51B9-3F6B-498D-93BD-D16DDD3E0F58}.Debug|x64.Build.0 = Debug|Any CPU
		{F64F51B9-3F6B-498D-93BD-D16DDD3E0F58}.Debug|x64.Deploy.0 = Debug|Any CPU
		{F64F51B9-3F6B-498D-93BD-D16DDD3E0F58}.Debug|x86.ActiveCfg = Debug|Any CPU
		{F64F51B9-3F6B-498D-93BD-D16DDD3E0F58}.Debug|x86.Build.0 = Debug|Any CPU
		{F64F51B9-3F6B-498D-93BD-D16DDD3E0F58}.Debug|x86.Deploy.0 = Debug|Any CPU
		{F64F51B9-3F6B-498D-93BD-D16DDD3E0F58}.Release|Any CPU.ActiveCfg = Release|Any CPU
		{F64F51B9-3F6B-498D-93BD-D16DDD3E0F58}.Release|Any CPU.Build.0 = Release|Any CPU
		{F64F51B9-3F6B-498D-93BD-D16DDD3E0F58}.Release|Any CPU.Deploy.0 = Release|Any CPU
		{F64F51B9-3F6B-498D-93BD-D16DDD3E0F58}.Release|ARM.ActiveCfg = Release|Any CPU
		{F64F51B9-3F6B-498D-93BD-D16DDD3E0F58}.Release|ARM.Build.0 = Release|Any CPU
		{F64F51B9-3F6B-498D-93BD-D16DDD3E0F58}.Release|ARM.Deploy.0 = Release|Any CPU
		{F64F51B9-3F6B-498D-93BD-D16DDD3E0F58}.Release|iPhone.ActiveCfg = Release|Any CPU
		{F64F51B9-3F6B-498D-93BD-D16DDD3E0F58}.Release|iPhone.Build.0 = Release|Any CPU
		{F64F51B9-3F6B-498D-93BD-D16DDD3E0F58}.Release|iPhone.Deploy.0 = Release|Any CPU
		{F64F51B9-3F6B-498D-93BD-D16DDD3E0F58}.Release|iPhoneSimulator.ActiveCfg = Release|Any CPU
		{F64F51B9-3F6B-498D-93BD-D16DDD3E0F58}.Release|iPhoneSimulator.Build.0 = Release|Any CPU
		{F64F51B9-3F6B-498D-93BD-D16DDD3E0F58}.Release|iPhoneSimulator.Deploy.0 = Release|Any CPU
		{F64F51B9-3F6B-498D-93BD-D16DDD3E0F58}.Release|x64.ActiveCfg = Release|Any CPU
		{F64F51B9-3F6B-498D-93BD-D16DDD3E0F58}.Release|x64.Build.0 = Release|Any CPU
		{F64F51B9-3F6B-498D-93BD-D16DDD3E0F58}.Release|x64.Deploy.0 = Release|Any CPU
		{F64F51B9-3F6B-498D-93BD-D16DDD3E0F58}.Release|x86.ActiveCfg = Release|Any CPU
		{F64F51B9-3F6B-498D-93BD-D16DDD3E0F58}.Release|x86.Build.0 = Release|Any CPU
		{F64F51B9-3F6B-498D-93BD-D16DDD3E0F58}.Release|x86.Deploy.0 = Release|Any CPU
		{89CA9806-D146-4DCD-BD4C-629A2FE5EC94}.Ad-Hoc|Any CPU.ActiveCfg = Ad-Hoc|iPhoneSimulator
		{89CA9806-D146-4DCD-BD4C-629A2FE5EC94}.Ad-Hoc|ARM.ActiveCfg = Ad-Hoc|iPhone
		{89CA9806-D146-4DCD-BD4C-629A2FE5EC94}.Ad-Hoc|iPhone.ActiveCfg = Ad-Hoc|iPhone
		{89CA9806-D146-4DCD-BD4C-629A2FE5EC94}.Ad-Hoc|iPhone.Build.0 = Ad-Hoc|iPhone
		{89CA9806-D146-4DCD-BD4C-629A2FE5EC94}.Ad-Hoc|iPhoneSimulator.ActiveCfg = Ad-Hoc|iPhoneSimulator
		{89CA9806-D146-4DCD-BD4C-629A2FE5EC94}.Ad-Hoc|iPhoneSimulator.Build.0 = Ad-Hoc|iPhoneSimulator
		{89CA9806-D146-4DCD-BD4C-629A2FE5EC94}.Ad-Hoc|x64.ActiveCfg = Ad-Hoc|iPhone
		{89CA9806-D146-4DCD-BD4C-629A2FE5EC94}.Ad-Hoc|x86.ActiveCfg = Ad-Hoc|iPhone
		{89CA9806-D146-4DCD-BD4C-629A2FE5EC94}.AppStore|Any CPU.ActiveCfg = AppStore|iPhoneSimulator
		{89CA9806-D146-4DCD-BD4C-629A2FE5EC94}.AppStore|ARM.ActiveCfg = AppStore|iPhone
		{89CA9806-D146-4DCD-BD4C-629A2FE5EC94}.AppStore|iPhone.ActiveCfg = AppStore|iPhone
		{89CA9806-D146-4DCD-BD4C-629A2FE5EC94}.AppStore|iPhone.Build.0 = AppStore|iPhone
		{89CA9806-D146-4DCD-BD4C-629A2FE5EC94}.AppStore|iPhoneSimulator.ActiveCfg = AppStore|iPhoneSimulator
		{89CA9806-D146-4DCD-BD4C-629A2FE5EC94}.AppStore|iPhoneSimulator.Build.0 = AppStore|iPhoneSimulator
		{89CA9806-D146-4DCD-BD4C-629A2FE5EC94}.AppStore|x64.ActiveCfg = AppStore|iPhone
		{89CA9806-D146-4DCD-BD4C-629A2FE5EC94}.AppStore|x86.ActiveCfg = AppStore|iPhone
		{89CA9806-D146-4DCD-BD4C-629A2FE5EC94}.Debug|Any CPU.ActiveCfg = Debug|iPhoneSimulator
		{89CA9806-D146-4DCD-BD4C-629A2FE5EC94}.Debug|ARM.ActiveCfg = Debug|iPhone
		{89CA9806-D146-4DCD-BD4C-629A2FE5EC94}.Debug|iPhone.ActiveCfg = Debug|iPhone
		{89CA9806-D146-4DCD-BD4C-629A2FE5EC94}.Debug|iPhone.Build.0 = Debug|iPhone
		{89CA9806-D146-4DCD-BD4C-629A2FE5EC94}.Debug|iPhoneSimulator.ActiveCfg = Debug|iPhoneSimulator
		{89CA9806-D146-4DCD-BD4C-629A2FE5EC94}.Debug|iPhoneSimulator.Build.0 = Debug|iPhoneSimulator
		{89CA9806-D146-4DCD-BD4C-629A2FE5EC94}.Debug|x64.ActiveCfg = Debug|iPhone
		{89CA9806-D146-4DCD-BD4C-629A2FE5EC94}.Debug|x86.ActiveCfg = Debug|iPhone
		{89CA9806-D146-4DCD-BD4C-629A2FE5EC94}.Release|Any CPU.ActiveCfg = Release|iPhoneSimulator
		{89CA9806-D146-4DCD-BD4C-629A2FE5EC94}.Release|ARM.ActiveCfg = Release|iPhone
		{89CA9806-D146-4DCD-BD4C-629A2FE5EC94}.Release|iPhone.ActiveCfg = Release|iPhone
		{89CA9806-D146-4DCD-BD4C-629A2FE5EC94}.Release|iPhone.Build.0 = Release|iPhone
		{89CA9806-D146-4DCD-BD4C-629A2FE5EC94}.Release|iPhoneSimulator.ActiveCfg = Release|iPhoneSimulator
		{89CA9806-D146-4DCD-BD4C-629A2FE5EC94}.Release|iPhoneSimulator.Build.0 = Release|iPhoneSimulator
		{89CA9806-D146-4DCD-BD4C-629A2FE5EC94}.Release|x64.ActiveCfg = Release|iPhone
		{89CA9806-D146-4DCD-BD4C-629A2FE5EC94}.Release|x86.ActiveCfg = Release|iPhone
		{FAC879FB-DBAC-4E07-84E0-63F5A31A0D04}.Ad-Hoc|Any CPU.ActiveCfg = Release|x86
		{FAC879FB-DBAC-4E07-84E0-63F5A31A0D04}.Ad-Hoc|Any CPU.Build.0 = Release|x86
		{FAC879FB-DBAC-4E07-84E0-63F5A31A0D04}.Ad-Hoc|Any CPU.Deploy.0 = Release|x86
		{FAC879FB-DBAC-4E07-84E0-63F5A31A0D04}.Ad-Hoc|ARM.ActiveCfg = Release|ARM
		{FAC879FB-DBAC-4E07-84E0-63F5A31A0D04}.Ad-Hoc|ARM.Build.0 = Release|ARM
		{FAC879FB-DBAC-4E07-84E0-63F5A31A0D04}.Ad-Hoc|ARM.Deploy.0 = Release|ARM
		{FAC879FB-DBAC-4E07-84E0-63F5A31A0D04}.Ad-Hoc|iPhone.ActiveCfg = Release|x86
		{FAC879FB-DBAC-4E07-84E0-63F5A31A0D04}.Ad-Hoc|iPhone.Build.0 = Release|x86
		{FAC879FB-DBAC-4E07-84E0-63F5A31A0D04}.Ad-Hoc|iPhone.Deploy.0 = Release|x86
		{FAC879FB-DBAC-4E07-84E0-63F5A31A0D04}.Ad-Hoc|iPhoneSimulator.ActiveCfg = Release|x86
		{FAC879FB-DBAC-4E07-84E0-63F5A31A0D04}.Ad-Hoc|iPhoneSimulator.Build.0 = Release|x86
		{FAC879FB-DBAC-4E07-84E0-63F5A31A0D04}.Ad-Hoc|iPhoneSimulator.Deploy.0 = Release|x86
		{FAC879FB-DBAC-4E07-84E0-63F5A31A0D04}.Ad-Hoc|x64.ActiveCfg = Release|x64
		{FAC879FB-DBAC-4E07-84E0-63F5A31A0D04}.Ad-Hoc|x64.Build.0 = Release|x64
		{FAC879FB-DBAC-4E07-84E0-63F5A31A0D04}.Ad-Hoc|x64.Deploy.0 = Release|x64
		{FAC879FB-DBAC-4E07-84E0-63F5A31A0D04}.Ad-Hoc|x86.ActiveCfg = Release|x86
		{FAC879FB-DBAC-4E07-84E0-63F5A31A0D04}.Ad-Hoc|x86.Build.0 = Release|x86
		{FAC879FB-DBAC-4E07-84E0-63F5A31A0D04}.Ad-Hoc|x86.Deploy.0 = Release|x86
		{FAC879FB-DBAC-4E07-84E0-63F5A31A0D04}.AppStore|Any CPU.ActiveCfg = Release|x86
		{FAC879FB-DBAC-4E07-84E0-63F5A31A0D04}.AppStore|Any CPU.Build.0 = Release|x86
		{FAC879FB-DBAC-4E07-84E0-63F5A31A0D04}.AppStore|Any CPU.Deploy.0 = Release|x86
		{FAC879FB-DBAC-4E07-84E0-63F5A31A0D04}.AppStore|ARM.ActiveCfg = Release|ARM
		{FAC879FB-DBAC-4E07-84E0-63F5A31A0D04}.AppStore|ARM.Build.0 = Release|ARM
		{FAC879FB-DBAC-4E07-84E0-63F5A31A0D04}.AppStore|ARM.Deploy.0 = Release|ARM
		{FAC879FB-DBAC-4E07-84E0-63F5A31A0D04}.AppStore|iPhone.ActiveCfg = Release|x86
		{FAC879FB-DBAC-4E07-84E0-63F5A31A0D04}.AppStore|iPhone.Build.0 = Release|x86
		{FAC879FB-DBAC-4E07-84E0-63F5A31A0D04}.AppStore|iPhone.Deploy.0 = Release|x86
		{FAC879FB-DBAC-4E07-84E0-63F5A31A0D04}.AppStore|iPhoneSimulator.ActiveCfg = Release|x86
		{FAC879FB-DBAC-4E07-84E0-63F5A31A0D04}.AppStore|iPhoneSimulator.Build.0 = Release|x86
		{FAC879FB-DBAC-4E07-84E0-63F5A31A0D04}.AppStore|iPhoneSimulator.Deploy.0 = Release|x86
		{FAC879FB-DBAC-4E07-84E0-63F5A31A0D04}.AppStore|x64.ActiveCfg = Release|x64
		{FAC879FB-DBAC-4E07-84E0-63F5A31A0D04}.AppStore|x64.Build.0 = Release|x64
		{FAC879FB-DBAC-4E07-84E0-63F5A31A0D04}.AppStore|x64.Deploy.0 = Release|x64
		{FAC879FB-DBAC-4E07-84E0-63F5A31A0D04}.AppStore|x86.ActiveCfg = Release|x86
		{FAC879FB-DBAC-4E07-84E0-63F5A31A0D04}.AppStore|x86.Build.0 = Release|x86
		{FAC879FB-DBAC-4E07-84E0-63F5A31A0D04}.AppStore|x86.Deploy.0 = Release|x86
		{FAC879FB-DBAC-4E07-84E0-63F5A31A0D04}.Debug|Any CPU.ActiveCfg = Debug|x86
		{FAC879FB-DBAC-4E07-84E0-63F5A31A0D04}.Debug|ARM.ActiveCfg = Debug|ARM
		{FAC879FB-DBAC-4E07-84E0-63F5A31A0D04}.Debug|ARM.Build.0 = Debug|ARM
		{FAC879FB-DBAC-4E07-84E0-63F5A31A0D04}.Debug|ARM.Deploy.0 = Debug|ARM
		{FAC879FB-DBAC-4E07-84E0-63F5A31A0D04}.Debug|iPhone.ActiveCfg = Debug|x86
		{FAC879FB-DBAC-4E07-84E0-63F5A31A0D04}.Debug|iPhoneSimulator.ActiveCfg = Debug|x86
		{FAC879FB-DBAC-4E07-84E0-63F5A31A0D04}.Debug|x64.ActiveCfg = Debug|x64
		{FAC879FB-DBAC-4E07-84E0-63F5A31A0D04}.Debug|x64.Build.0 = Debug|x64
		{FAC879FB-DBAC-4E07-84E0-63F5A31A0D04}.Debug|x64.Deploy.0 = Debug|x64
		{FAC879FB-DBAC-4E07-84E0-63F5A31A0D04}.Debug|x86.ActiveCfg = Debug|x86
		{FAC879FB-DBAC-4E07-84E0-63F5A31A0D04}.Debug|x86.Build.0 = Debug|x86
		{FAC879FB-DBAC-4E07-84E0-63F5A31A0D04}.Debug|x86.Deploy.0 = Debug|x86
		{FAC879FB-DBAC-4E07-84E0-63F5A31A0D04}.Release|Any CPU.ActiveCfg = Release|x86
		{FAC879FB-DBAC-4E07-84E0-63F5A31A0D04}.Release|ARM.ActiveCfg = Release|ARM
		{FAC879FB-DBAC-4E07-84E0-63F5A31A0D04}.Release|ARM.Build.0 = Release|ARM
		{FAC879FB-DBAC-4E07-84E0-63F5A31A0D04}.Release|ARM.Deploy.0 = Release|ARM
		{FAC879FB-DBAC-4E07-84E0-63F5A31A0D04}.Release|iPhone.ActiveCfg = Release|x86
		{FAC879FB-DBAC-4E07-84E0-63F5A31A0D04}.Release|iPhoneSimulator.ActiveCfg = Release|x86
		{FAC879FB-DBAC-4E07-84E0-63F5A31A0D04}.Release|x64.ActiveCfg = Release|x64
		{FAC879FB-DBAC-4E07-84E0-63F5A31A0D04}.Release|x64.Build.0 = Release|x64
		{FAC879FB-DBAC-4E07-84E0-63F5A31A0D04}.Release|x64.Deploy.0 = Release|x64
		{FAC879FB-DBAC-4E07-84E0-63F5A31A0D04}.Release|x86.ActiveCfg = Release|x86
		{FAC879FB-DBAC-4E07-84E0-63F5A31A0D04}.Release|x86.Build.0 = Release|x86
		{FAC879FB-DBAC-4E07-84E0-63F5A31A0D04}.Release|x86.Deploy.0 = Release|x86
	EndGlobalSection
	GlobalSection(SolutionProperties) = preSolution
		HideSolutionNode = FALSE
	EndGlobalSection
	GlobalSection(ExtensibilityGlobals) = postSolution
		SolutionGuid = {47FD1E23-00FD-46C9-9C03-C20E7B933DB8}
	EndGlobalSection
EndGlobal
